
Microsoft Visual Studio Solution File, Format Version 12.00
# Visual Studio Version 17
VisualStudioVersion = 17.6.33829.357
MinimumVisualStudioVersion = 10.0.40219.1
Project("{9A19103F-16F7-4668-BE54-9A1E7A4F7556}") = "DependencyCrawler", "DependencyCrawler\DependencyCrawler.csproj", "{6A284030-A9D3-4061-BD52-554C90B3B2D5}"
EndProject
Project("{9A19103F-16F7-4668-BE54-9A1E7A4F7556}") = "DependencyCrawler.QueryClient", "DependencyCrawler.QueryClient\DependencyCrawler.QueryClient.csproj", "{1907209E-A374-4653-BD19-F426A1679C52}"
EndProject
Project("{9A19103F-16F7-4668-BE54-9A1E7A4F7556}") = "DependencyCrawler.Data.MongoDB", "DependencyCrawler.Data.MongoDB\DependencyCrawler.Data.MongoDB.csproj", "{AB452712-28C1-47AB-ACF5-70D1B447A3AF}"
EndProject
Project("{9A19103F-16F7-4668-BE54-9A1E7A4F7556}") = "DependencyCrawler.Data.Json", "DependencyCrawler.Data.Json\DependencyCrawler.Data.Json.csproj", "{2179DA91-CB07-4A40-9CA4-30CEE5B5211A}"
EndProject
Project("{9A19103F-16F7-4668-BE54-9A1E7A4F7556}") = "DependencyCrawler.ConsoleClient", "DependencyCrawler.ConsoleClient\DependencyCrawler.ConsoleClient.csproj", "{44D6FC73-746F-45BD-885D-423264EE09BF}"
EndProject
Project("{9A19103F-16F7-4668-BE54-9A1E7A4F7556}") = "DependencyCrawler.DataCore", "DependencyCrawler.DataCore\DependencyCrawler.DataCore.csproj", "{8B8C8468-E55B-4DE2-B66E-B5D325CB80A9}"
EndProject
Project("{9A19103F-16F7-4668-BE54-9A1E7A4F7556}") = "DependencyCrawler.BlazorClient", "DependencyCrawler.BlazorClient\DependencyCrawler.BlazorClient.csproj", "{87E7AB9A-FA75-4966-BD03-2BFA64234CE3}"
EndProject
Project("{9A19103F-16F7-4668-BE54-9A1E7A4F7556}") = "DependencyCrawler.Data.Contracts", "DependencyCrawler.Data.Contracts\DependencyCrawler.Data.Contracts.csproj", "{A4F4FDF6-1989-4E04-B450-F992A6B3A424}"
EndProject
Project("{FAE04EC0-301F-11D3-BF4B-00C04F79EFBC}") = "DependencyCrawler.DataCore.ReadOnlyAccess", "DependencyCrawlerReadOnlyAccess\DependencyCrawler.DataCore.ReadOnlyAccess.csproj", "{AEDC6220-9932-4223-81AE-0B917A2B9958}"
EndProject
Project("{FAE04EC0-301F-11D3-BF4B-00C04F79EFBC}") = "DependencyCrawler.DataCore.ValueAccess", "DependencyCrawlerValueAccess\DependencyCrawler.DataCore.ValueAccess.csproj", "{4583B049-506B-407A-96CF-B0A0A3B7E151}"
EndProject
Project("{FAE04EC0-301F-11D3-BF4B-00C04F79EFBC}") = "DependencyCrawler.DataCore.DataAccess", "DependencyCrawler.DataCore.DataAccess\DependencyCrawler.DataCore.DataAccess.csproj", "{AC634390-DD80-49F4-B08B-753443386488}"
EndProject
Global
	GlobalSection(SolutionConfigurationPlatforms) = preSolution
		Debug|Any CPU = Debug|Any CPU
		Release|Any CPU = Release|Any CPU
	EndGlobalSection
	GlobalSection(ProjectConfigurationPlatforms) = postSolution
		{6A284030-A9D3-4061-BD52-554C90B3B2D5}.Debug|Any CPU.ActiveCfg = Debug|Any CPU
		{6A284030-A9D3-4061-BD52-554C90B3B2D5}.Debug|Any CPU.Build.0 = Debug|Any CPU
		{6A284030-A9D3-4061-BD52-554C90B3B2D5}.Release|Any CPU.ActiveCfg = Release|Any CPU
		{6A284030-A9D3-4061-BD52-554C90B3B2D5}.Release|Any CPU.Build.0 = Release|Any CPU
		{1907209E-A374-4653-BD19-F426A1679C52}.Debug|Any CPU.ActiveCfg = Debug|Any CPU
		{1907209E-A374-4653-BD19-F426A1679C52}.Debug|Any CPU.Build.0 = Debug|Any CPU
		{1907209E-A374-4653-BD19-F426A1679C52}.Release|Any CPU.ActiveCfg = Release|Any CPU
		{1907209E-A374-4653-BD19-F426A1679C52}.Release|Any CPU.Build.0 = Release|Any CPU
		{AB452712-28C1-47AB-ACF5-70D1B447A3AF}.Debug|Any CPU.ActiveCfg = Debug|Any CPU
		{AB452712-28C1-47AB-ACF5-70D1B447A3AF}.Debug|Any CPU.Build.0 = Debug|Any CPU
		{AB452712-28C1-47AB-ACF5-70D1B447A3AF}.Release|Any CPU.ActiveCfg = Release|Any CPU
		{AB452712-28C1-47AB-ACF5-70D1B447A3AF}.Release|Any CPU.Build.0 = Release|Any CPU
		{2179DA91-CB07-4A40-9CA4-30CEE5B5211A}.Debug|Any CPU.ActiveCfg = Debug|Any CPU
		{2179DA91-CB07-4A40-9CA4-30CEE5B5211A}.Debug|Any CPU.Build.0 = Debug|Any CPU
		{2179DA91-CB07-4A40-9CA4-30CEE5B5211A}.Release|Any CPU.ActiveCfg = Release|Any CPU
		{2179DA91-CB07-4A40-9CA4-30CEE5B5211A}.Release|Any CPU.Build.0 = Release|Any CPU
		{44D6FC73-746F-45BD-885D-423264EE09BF}.Debug|Any CPU.ActiveCfg = Debug|Any CPU
		{44D6FC73-746F-45BD-885D-423264EE09BF}.Debug|Any CPU.Build.0 = Debug|Any CPU
		{44D6FC73-746F-45BD-885D-423264EE09BF}.Release|Any CPU.ActiveCfg = Release|Any CPU
		{44D6FC73-746F-45BD-885D-423264EE09BF}.Release|Any CPU.Build.0 = Release|Any CPU
		{8B8C8468-E55B-4DE2-B66E-B5D325CB80A9}.Debug|Any CPU.ActiveCfg = Debug|Any CPU
		{8B8C8468-E55B-4DE2-B66E-B5D325CB80A9}.Debug|Any CPU.Build.0 = Debug|Any CPU
		{8B8C8468-E55B-4DE2-B66E-B5D325CB80A9}.Release|Any CPU.ActiveCfg = Release|Any CPU
		{8B8C8468-E55B-4DE2-B66E-B5D325CB80A9}.Release|Any CPU.Build.0 = Release|Any CPU
		{87E7AB9A-FA75-4966-BD03-2BFA64234CE3}.Debug|Any CPU.ActiveCfg = Debug|Any CPU
		{87E7AB9A-FA75-4966-BD03-2BFA64234CE3}.Debug|Any CPU.Build.0 = Debug|Any CPU
		{87E7AB9A-FA75-4966-BD03-2BFA64234CE3}.Release|Any CPU.ActiveCfg = Release|Any CPU
		{87E7AB9A-FA75-4966-BD03-2BFA64234CE3}.Release|Any CPU.Build.0 = Release|Any CPU
		{A4F4FDF6-1989-4E04-B450-F992A6B3A424}.Debug|Any CPU.ActiveCfg = Debug|Any CPU
		{A4F4FDF6-1989-4E04-B450-F992A6B3A424}.Debug|Any CPU.Build.0 = Debug|Any CPU
		{A4F4FDF6-1989-4E04-B450-F992A6B3A424}.Release|Any CPU.ActiveCfg = Release|Any CPU
		{A4F4FDF6-1989-4E04-B450-F992A6B3A424}.Release|Any CPU.Build.0 = Release|Any CPU
		{AEDC6220-9932-4223-81AE-0B917A2B9958}.Debug|Any CPU.ActiveCfg = Debug|Any CPU
		{AEDC6220-9932-4223-81AE-0B917A2B9958}.Debug|Any CPU.Build.0 = Debug|Any CPU
		{AEDC6220-9932-4223-81AE-0B917A2B9958}.Release|Any CPU.ActiveCfg = Release|Any CPU
		{AEDC6220-9932-4223-81AE-0B917A2B9958}.Release|Any CPU.Build.0 = Release|Any CPU
		{4583B049-506B-407A-96CF-B0A0A3B7E151}.Debug|Any CPU.ActiveCfg = Debug|Any CPU
		{4583B049-506B-407A-96CF-B0A0A3B7E151}.Debug|Any CPU.Build.0 = Debug|Any CPU
		{4583B049-506B-407A-96CF-B0A0A3B7E151}.Release|Any CPU.ActiveCfg = Release|Any CPU
		{4583B049-506B-407A-96CF-B0A0A3B7E151}.Release|Any CPU.Build.0 = Release|Any CPU
		{AC634390-DD80-49F4-B08B-753443386488}.Debug|Any CPU.ActiveCfg = Debug|Any CPU
		{AC634390-DD80-49F4-B08B-753443386488}.Debug|Any CPU.Build.0 = Debug|Any CPU
		{AC634390-DD80-49F4-B08B-753443386488}.Release|Any CPU.ActiveCfg = Release|Any CPU
		{AC634390-DD80-49F4-B08B-753443386488}.Release|Any CPU.Build.0 = Release|Any CPU
	EndGlobalSection
	GlobalSection(SolutionProperties) = preSolution
		HideSolutionNode = FALSE
	EndGlobalSection
	GlobalSection(ExtensibilityGlobals) = postSolution
		SolutionGuid = {8668B437-E0A0-4D21-AC71-439A006F3563}
	EndGlobalSection
EndGlobal
